
Microsoft Visual Studio Solution File, Format Version 12.00
# Visual Studio 15
Project("{FAE04EC0-301F-11D3-BF4B-00C04F79EFBC}") = "Road Architect.Plugins", "Road Architect.Plugins.csproj", "{ABED1B87-CD21-BE12-8008-ADFECFC3866E}"
EndProject
Project("{FAE04EC0-301F-11D3-BF4B-00C04F79EFBC}") = "Road Architect", "Road Architect.csproj", "{69A96C87-6C7B-047E-1416-E5EA6DD51877}"
EndProject
Project("{FAE04EC0-301F-11D3-BF4B-00C04F79EFBC}") = "Road Architect.Editor", "Road Architect.Editor.csproj", "{127DDC62-000B-1B1B-03EE-91696AA02E2B}"
EndProject
Global
	GlobalSection(SolutionConfigurationPlatforms) = preSolution
		Debug|Any CPU = Debug|Any CPU
		Release|Any CPU = Release|Any CPU
	EndGlobalSection
	GlobalSection(ProjectConfigurationPlatforms) = postSolution
		{ABED1B87-CD21-BE12-8008-ADFECFC3866E}.Debug|Any CPU.ActiveCfg = Debug|Any CPU
		{ABED1B87-CD21-BE12-8008-ADFECFC3866E}.Debug|Any CPU.Build.0 = Debug|Any CPU
		{ABED1B87-CD21-BE12-8008-ADFECFC3866E}.Release|Any CPU.ActiveCfg = Release|Any CPU
		{ABED1B87-CD21-BE12-8008-ADFECFC3866E}.Release|Any CPU.Build.0 = Release|Any CPU
		{69A96C87-6C7B-047E-1416-E5EA6DD51877}.Debug|Any CPU.ActiveCfg = Debug|Any CPU
		{69A96C87-6C7B-047E-1416-E5EA6DD51877}.Debug|Any CPU.Build.0 = Debug|Any CPU
		{69A96C87-6C7B-047E-1416-E5EA6DD51877}.Release|Any CPU.ActiveCfg = Release|Any CPU
		{69A96C87-6C7B-047E-1416-E5EA6DD51877}.Release|Any CPU.Build.0 = Release|Any CPU
		{127DDC62-000B-1B1B-03EE-91696AA02E2B}.Debug|Any CPU.ActiveCfg = Debug|Any CPU
		{127DDC62-000B-1B1B-03EE-91696AA02E2B}.Debug|Any CPU.Build.0 = Debug|Any CPU
		{127DDC62-000B-1B1B-03EE-91696AA02E2B}.Release|Any CPU.ActiveCfg = Release|Any CPU
		{127DDC62-000B-1B1B-03EE-91696AA02E2B}.Release|Any CPU.Build.0 = Release|Any CPU
	EndGlobalSection
	GlobalSection(SolutionProperties) = preSolution
		HideSolutionNode = FALSE
	EndGlobalSection
EndGlobal
